{
    __meta__ = {
        version = "1.0"
    },
    ["windows|x64"] = {
        ["cmake#31fecfc4"] = {
            repo = {
                branch = "master",
                commit = "cb514d2b8dadc7abbc862efa77012bdde577bebb",
                url = "https://github.com/xmake-io/xmake-repo.git"
            },
            version = "3.25.1"
        },
        ["commonlibsse-ng#20cfb5c0"] = {
            repo = {
                branch = "master",
                commit = "cb514d2b8dadc7abbc862efa77012bdde577bebb",
                url = "https://github.com/xmake-io/xmake-repo.git"
            },
            version = "v3.7.0"
        },
        ["fmt#31fecfc4"] = {
            repo = {
                branch = "master",
                commit = "cb514d2b8dadc7abbc862efa77012bdde577bebb",
                url = "https://github.com/xmake-io/xmake-repo.git"
            },
            version = "10.0.0"
        },
        ["rapidcsv#31fecfc4"] = {
            repo = {
                branch = "master",
                commit = "cb514d2b8dadc7abbc862efa77012bdde577bebb",
                url = "https://github.com/xmake-io/xmake-repo.git"
            },
            version = "8.50"
        },
        ["spdlog#b06e1130"] = {
            repo = {
                branch = "master",
                commit = "cb514d2b8dadc7abbc862efa77012bdde577bebb",
                url = "https://github.com/xmake-io/xmake-repo.git"
            },
            version = "v1.11.0"
        },
        ["toml++#31fecfc4"] = {
            repo = {
                branch = "master",
                commit = "cb514d2b8dadc7abbc862efa77012bdde577bebb",
                url = "https://github.com/xmake-io/xmake-repo.git"
            },
            version = "v3.3.0"
        }
    }
}